
Microsoft Visual Studio Solution File, Format Version 12.00
# Visual Studio Version 17
VisualStudioVersion = 17.14.36717.8 d17.14
MinimumVisualStudioVersion = 10.0.40219.1
Project("{FAE04EC0-301F-11D3-BF4B-00C04F79EFBC}") = "CSharpConceptsMvcDemo", "CSharpConceptsMvcDemo\CSharpConceptsMvcDemo.csproj", "{D6855B4B-3162-4F2B-BF9A-F996222568F2}"
EndProject
Global
	GlobalSection(SolutionConfigurationPlatforms) = preSolution
		Debug|Any CPU = Debug|Any CPU
		Release|Any CPU = Release|Any CPU
	EndGlobalSection
	GlobalSection(ProjectConfigurationPlatforms) = postSolution
		{D6855B4B-3162-4F2B-BF9A-F996222568F2}.Debug|Any CPU.ActiveCfg = Debug|Any CPU
		{D6855B4B-3162-4F2B-BF9A-F996222568F2}.Debug|Any CPU.Build.0 = Debug|Any CPU
		{D6855B4B-3162-4F2B-BF9A-F996222568F2}.Release|Any CPU.ActiveCfg = Release|Any CPU
		{D6855B4B-3162-4F2B-BF9A-F996222568F2}.Release|Any CPU.Build.0 = Release|Any CPU
	EndGlobalSection
	GlobalSection(SolutionProperties) = preSolution
		HideSolutionNode = FALSE
	EndGlobalSection
	GlobalSection(ExtensibilityGlobals) = postSolution
		SolutionGuid = {559FFA8C-A065-45D9-8AAC-3898AD6D66C1}
	EndGlobalSection
EndGlobal
